
Microsoft Visual Studio Solution File, Format Version 12.00
# Visual Studio Version 17
VisualStudioVersion = 17.3.32929.385
MinimumVisualStudioVersion = 10.0.40219.1
Project("{FAE04EC0-301F-11D3-BF4B-00C04F79EFBC}") = "Day9_UC1_Employee is present or absent", "Day9_UC1_Employee is present or absent\Day9_UC1_Employee is present or absent.csproj", "{EB7DE1DB-0379-461D-A1B3-8103DD714896}"
EndProject
Global
	GlobalSection(SolutionConfigurationPlatforms) = preSolution
		Debug|Any CPU = Debug|Any CPU
		Release|Any CPU = Release|Any CPU
	EndGlobalSection
	GlobalSection(ProjectConfigurationPlatforms) = postSolution
		{EB7DE1DB-0379-461D-A1B3-8103DD714896}.Debug|Any CPU.ActiveCfg = Debug|Any CPU
		{EB7DE1DB-0379-461D-A1B3-8103DD714896}.Debug|Any CPU.Build.0 = Debug|Any CPU
		{EB7DE1DB-0379-461D-A1B3-8103DD714896}.Release|Any CPU.ActiveCfg = Release|Any CPU
		{EB7DE1DB-0379-461D-A1B3-8103DD714896}.Release|Any CPU.Build.0 = Release|Any CPU
	EndGlobalSection
	GlobalSection(SolutionProperties) = preSolution
		HideSolutionNode = FALSE
	EndGlobalSection
	GlobalSection(ExtensibilityGlobals) = postSolution
		SolutionGuid = {0A62BBCC-4611-4189-A8A2-2934D27EC016}
	EndGlobalSection
EndGlobal
