
Microsoft Visual Studio Solution File, Format Version 12.00
# Visual Studio Version 17
VisualStudioVersion = 17.3.32929.385
MinimumVisualStudioVersion = 10.0.40219.1
Project("{FAE04EC0-301F-11D3-BF4B-00C04F79EFBC}") = "UC7_Employee Wage using Class Method", "UC7_Employee Wage using Class Method\UC7_Employee Wage using Class Method.csproj", "{05DAA510-D309-44FF-ACC6-13F046406319}"
EndProject
Global
	GlobalSection(SolutionConfigurationPlatforms) = preSolution
		Debug|Any CPU = Debug|Any CPU
		Release|Any CPU = Release|Any CPU
	EndGlobalSection
	GlobalSection(ProjectConfigurationPlatforms) = postSolution
		{05DAA510-D309-44FF-ACC6-13F046406319}.Debug|Any CPU.ActiveCfg = Debug|Any CPU
		{05DAA510-D309-44FF-ACC6-13F046406319}.Debug|Any CPU.Build.0 = Debug|Any CPU
		{05DAA510-D309-44FF-ACC6-13F046406319}.Release|Any CPU.ActiveCfg = Release|Any CPU
		{05DAA510-D309-44FF-ACC6-13F046406319}.Release|Any CPU.Build.0 = Release|Any CPU
	EndGlobalSection
	GlobalSection(SolutionProperties) = preSolution
		HideSolutionNode = FALSE
	EndGlobalSection
	GlobalSection(ExtensibilityGlobals) = postSolution
		SolutionGuid = {EAB81C4B-FDF7-418C-A4FC-779CD576B36C}
	EndGlobalSection
EndGlobal
