
Microsoft Visual Studio Solution File, Format Version 12.00
# Visual Studio Version 17
VisualStudioVersion = 17.4.33110.190
MinimumVisualStudioVersion = 10.0.40219.1
Project("{FAE04EC0-301F-11D3-BF4B-00C04F79EFBC}") = "UC10_Manage Employee Wage", "UC10_Manage Employee Wage.csproj", "{7EFD60EA-EF04-48DF-98E8-A622695222D0}"
EndProject
Global
	GlobalSection(SolutionConfigurationPlatforms) = preSolution
		Debug|Any CPU = Debug|Any CPU
		Release|Any CPU = Release|Any CPU
	EndGlobalSection
	GlobalSection(ProjectConfigurationPlatforms) = postSolution
		{7EFD60EA-EF04-48DF-98E8-A622695222D0}.Debug|Any CPU.ActiveCfg = Debug|Any CPU
		{7EFD60EA-EF04-48DF-98E8-A622695222D0}.Debug|Any CPU.Build.0 = Debug|Any CPU
		{7EFD60EA-EF04-48DF-98E8-A622695222D0}.Release|Any CPU.ActiveCfg = Release|Any CPU
		{7EFD60EA-EF04-48DF-98E8-A622695222D0}.Release|Any CPU.Build.0 = Release|Any CPU
	EndGlobalSection
	GlobalSection(SolutionProperties) = preSolution
		HideSolutionNode = FALSE
	EndGlobalSection
	GlobalSection(ExtensibilityGlobals) = postSolution
		SolutionGuid = {B0CC61C1-5454-4C5B-847E-68A67FBBCBB1}
	EndGlobalSection
EndGlobal
